{
  "name": "readme-echo",
  "version": "0.1.0",
  "lockfileVersion": 3,
  "requires": true,
  "packages": {
    "": {
      "name": "readme-echo",
      "version": "0.1.0",
      "license": "MIT",
      "bin": {
        "readme-echo": "src/cli.ts"
      },
      "engines": {
        "node": ">=22.18"
      }
    }
  }
}
